
Microsoft Visual Studio Solution File, Format Version 12.00
# Visual Studio Version 17
VisualStudioVersion = 17.3.32804.467
MinimumVisualStudioVersion = 10.0.40219.1
Project("{2150E333-8FDC-42A3-9474-1A3956D46DE8}") = "src", "src", "{FE21E4CF-1621-491E-9532-6D551BBAAF9E}"
EndProject
Project("{2150E333-8FDC-42A3-9474-1A3956D46DE8}") = "tests", "tests", "{99AD86CB-D59E-4874-9BBD-2D50FB6DBF53}"
EndProject
Project("{2150E333-8FDC-42A3-9474-1A3956D46DE8}") = "corePackages", "corePackages", "{25FFF90F-FE64-4043-BA92-F45099F8E434}"
EndProject
Project("{2150E333-8FDC-42A3-9474-1A3956D46DE8}") = "kodlamaIoDevs", "kodlamaIoDevs", "{10DC52A9-08A8-494E-B5C5-FD8BDB1B5105}"
EndProject
Project("{9A19103F-16F7-4668-BE54-9A1E7A4F7556}") = "Core.Application", "src\corePackages\Core.Application\Core.Application.csproj", "{4B2DCB91-2B37-47B4-B58A-B90799F9250C}"
EndProject
Project("{9A19103F-16F7-4668-BE54-9A1E7A4F7556}") = "Core.CrossCuttingConcerns", "src\corePackages\Core.CrossCuttingConcers\Core.CrossCuttingConcerns.csproj", "{E0FD4C00-AFE4-4AAE-B584-1B042F7A27EB}"
EndProject
Project("{9A19103F-16F7-4668-BE54-9A1E7A4F7556}") = "Core.ElasticSearch", "src\corePackages\Core.ElasticSearch\Core.ElasticSearch.csproj", "{50289178-7A95-4A49-A6F2-DD054A881591}"
EndProject
Project("{9A19103F-16F7-4668-BE54-9A1E7A4F7556}") = "Core.Mailing", "src\corePackages\Core.Mailing\Core.Mailing.csproj", "{C40EE5A5-0948-4C4C-ABAC-B173E0D33D0F}"
EndProject
Project("{9A19103F-16F7-4668-BE54-9A1E7A4F7556}") = "Core.Persistence", "src\corePackages\Core.Persistence\Core.Persistence.csproj", "{D65760BB-8632-4FC3-9FF3-C5E29236E5CD}"
EndProject
Project("{9A19103F-16F7-4668-BE54-9A1E7A4F7556}") = "Core.Security", "src\corePackages\Core.Security\Core.Security.csproj", "{F6085858-D2A3-4F8A-BE0B-070F369F5B1D}"
EndProject
Project("{9A19103F-16F7-4668-BE54-9A1E7A4F7556}") = "Application", "src\kodlamaio.Devs\Application\Application.csproj", "{9B3C656D-9B01-4E02-ADE7-4259339E590E}"
EndProject
Project("{9A19103F-16F7-4668-BE54-9A1E7A4F7556}") = "Domain", "src\kodlamaio.Devs\Domain\Domain.csproj", "{C6511BD4-C7DE-4D7D-9882-4127E16DED16}"
EndProject
Project("{9A19103F-16F7-4668-BE54-9A1E7A4F7556}") = "Infranstructure", "src\kodlamaio.Devs\Infranstructure\Infranstructure.csproj", "{0A1A49E7-64AF-4F4E-AE66-4C442A13C7E9}"
EndProject
Project("{9A19103F-16F7-4668-BE54-9A1E7A4F7556}") = "Persistence", "src\kodlamaio.Devs\Persistance\Persistence.csproj", "{F7EE239C-81FA-4423-BC34-AEE60735EDE7}"
EndProject
Project("{9A19103F-16F7-4668-BE54-9A1E7A4F7556}") = "WebAPI", "src\kodlamaio.Devs\WebAPI\WebAPI.csproj", "{F1AC10CE-E34D-4E5A-9DD8-235EA35929E8}"
EndProject
Global
	GlobalSection(SolutionConfigurationPlatforms) = preSolution
		Debug|Any CPU = Debug|Any CPU
		Release|Any CPU = Release|Any CPU
	EndGlobalSection
	GlobalSection(ProjectConfigurationPlatforms) = postSolution
		{4B2DCB91-2B37-47B4-B58A-B90799F9250C}.Debug|Any CPU.ActiveCfg = Debug|Any CPU
		{4B2DCB91-2B37-47B4-B58A-B90799F9250C}.Debug|Any CPU.Build.0 = Debug|Any CPU
		{4B2DCB91-2B37-47B4-B58A-B90799F9250C}.Release|Any CPU.ActiveCfg = Release|Any CPU
		{4B2DCB91-2B37-47B4-B58A-B90799F9250C}.Release|Any CPU.Build.0 = Release|Any CPU
		{E0FD4C00-AFE4-4AAE-B584-1B042F7A27EB}.Debug|Any CPU.ActiveCfg = Debug|Any CPU
		{E0FD4C00-AFE4-4AAE-B584-1B042F7A27EB}.Debug|Any CPU.Build.0 = Debug|Any CPU
		{E0FD4C00-AFE4-4AAE-B584-1B042F7A27EB}.Release|Any CPU.ActiveCfg = Release|Any CPU
		{E0FD4C00-AFE4-4AAE-B584-1B042F7A27EB}.Release|Any CPU.Build.0 = Release|Any CPU
		{50289178-7A95-4A49-A6F2-DD054A881591}.Debug|Any CPU.ActiveCfg = Debug|Any CPU
		{50289178-7A95-4A49-A6F2-DD054A881591}.Debug|Any CPU.Build.0 = Debug|Any CPU
		{50289178-7A95-4A49-A6F2-DD054A881591}.Release|Any CPU.ActiveCfg = Release|Any CPU
		{50289178-7A95-4A49-A6F2-DD054A881591}.Release|Any CPU.Build.0 = Release|Any CPU
		{C40EE5A5-0948-4C4C-ABAC-B173E0D33D0F}.Debug|Any CPU.ActiveCfg = Debug|Any CPU
		{C40EE5A5-0948-4C4C-ABAC-B173E0D33D0F}.Debug|Any CPU.Build.0 = Debug|Any CPU
		{C40EE5A5-0948-4C4C-ABAC-B173E0D33D0F}.Release|Any CPU.ActiveCfg = Release|Any CPU
		{C40EE5A5-0948-4C4C-ABAC-B173E0D33D0F}.Release|Any CPU.Build.0 = Release|Any CPU
		{D65760BB-8632-4FC3-9FF3-C5E29236E5CD}.Debug|Any CPU.ActiveCfg = Debug|Any CPU
		{D65760BB-8632-4FC3-9FF3-C5E29236E5CD}.Debug|Any CPU.Build.0 = Debug|Any CPU
		{D65760BB-8632-4FC3-9FF3-C5E29236E5CD}.Release|Any CPU.ActiveCfg = Release|Any CPU
		{D65760BB-8632-4FC3-9FF3-C5E29236E5CD}.Release|Any CPU.Build.0 = Release|Any CPU
		{F6085858-D2A3-4F8A-BE0B-070F369F5B1D}.Debug|Any CPU.ActiveCfg = Debug|Any CPU
		{F6085858-D2A3-4F8A-BE0B-070F369F5B1D}.Debug|Any CPU.Build.0 = Debug|Any CPU
		{F6085858-D2A3-4F8A-BE0B-070F369F5B1D}.Release|Any CPU.ActiveCfg = Release|Any CPU
		{F6085858-D2A3-4F8A-BE0B-070F369F5B1D}.Release|Any CPU.Build.0 = Release|Any CPU
		{9B3C656D-9B01-4E02-ADE7-4259339E590E}.Debug|Any CPU.ActiveCfg = Debug|Any CPU
		{9B3C656D-9B01-4E02-ADE7-4259339E590E}.Debug|Any CPU.Build.0 = Debug|Any CPU
		{9B3C656D-9B01-4E02-ADE7-4259339E590E}.Release|Any CPU.ActiveCfg = Release|Any CPU
		{9B3C656D-9B01-4E02-ADE7-4259339E590E}.Release|Any CPU.Build.0 = Release|Any CPU
		{C6511BD4-C7DE-4D7D-9882-4127E16DED16}.Debug|Any CPU.ActiveCfg = Debug|Any CPU
		{C6511BD4-C7DE-4D7D-9882-4127E16DED16}.Debug|Any CPU.Build.0 = Debug|Any CPU
		{C6511BD4-C7DE-4D7D-9882-4127E16DED16}.Release|Any CPU.ActiveCfg = Release|Any CPU
		{C6511BD4-C7DE-4D7D-9882-4127E16DED16}.Release|Any CPU.Build.0 = Release|Any CPU
		{0A1A49E7-64AF-4F4E-AE66-4C442A13C7E9}.Debug|Any CPU.ActiveCfg = Debug|Any CPU
		{0A1A49E7-64AF-4F4E-AE66-4C442A13C7E9}.Debug|Any CPU.Build.0 = Debug|Any CPU
		{0A1A49E7-64AF-4F4E-AE66-4C442A13C7E9}.Release|Any CPU.ActiveCfg = Release|Any CPU
		{0A1A49E7-64AF-4F4E-AE66-4C442A13C7E9}.Release|Any CPU.Build.0 = Release|Any CPU
		{F7EE239C-81FA-4423-BC34-AEE60735EDE7}.Debug|Any CPU.ActiveCfg = Debug|Any CPU
		{F7EE239C-81FA-4423-BC34-AEE60735EDE7}.Debug|Any CPU.Build.0 = Debug|Any CPU
		{F7EE239C-81FA-4423-BC34-AEE60735EDE7}.Release|Any CPU.ActiveCfg = Release|Any CPU
		{F7EE239C-81FA-4423-BC34-AEE60735EDE7}.Release|Any CPU.Build.0 = Release|Any CPU
		{F1AC10CE-E34D-4E5A-9DD8-235EA35929E8}.Debug|Any CPU.ActiveCfg = Debug|Any CPU
		{F1AC10CE-E34D-4E5A-9DD8-235EA35929E8}.Debug|Any CPU.Build.0 = Debug|Any CPU
		{F1AC10CE-E34D-4E5A-9DD8-235EA35929E8}.Release|Any CPU.ActiveCfg = Release|Any CPU
		{F1AC10CE-E34D-4E5A-9DD8-235EA35929E8}.Release|Any CPU.Build.0 = Release|Any CPU
	EndGlobalSection
	GlobalSection(SolutionProperties) = preSolution
		HideSolutionNode = FALSE
	EndGlobalSection
	GlobalSection(NestedProjects) = preSolution
		{25FFF90F-FE64-4043-BA92-F45099F8E434} = {FE21E4CF-1621-491E-9532-6D551BBAAF9E}
		{10DC52A9-08A8-494E-B5C5-FD8BDB1B5105} = {FE21E4CF-1621-491E-9532-6D551BBAAF9E}
		{4B2DCB91-2B37-47B4-B58A-B90799F9250C} = {25FFF90F-FE64-4043-BA92-F45099F8E434}
		{E0FD4C00-AFE4-4AAE-B584-1B042F7A27EB} = {25FFF90F-FE64-4043-BA92-F45099F8E434}
		{50289178-7A95-4A49-A6F2-DD054A881591} = {25FFF90F-FE64-4043-BA92-F45099F8E434}
		{C40EE5A5-0948-4C4C-ABAC-B173E0D33D0F} = {25FFF90F-FE64-4043-BA92-F45099F8E434}
		{D65760BB-8632-4FC3-9FF3-C5E29236E5CD} = {25FFF90F-FE64-4043-BA92-F45099F8E434}
		{F6085858-D2A3-4F8A-BE0B-070F369F5B1D} = {25FFF90F-FE64-4043-BA92-F45099F8E434}
		{9B3C656D-9B01-4E02-ADE7-4259339E590E} = {10DC52A9-08A8-494E-B5C5-FD8BDB1B5105}
		{C6511BD4-C7DE-4D7D-9882-4127E16DED16} = {10DC52A9-08A8-494E-B5C5-FD8BDB1B5105}
		{0A1A49E7-64AF-4F4E-AE66-4C442A13C7E9} = {10DC52A9-08A8-494E-B5C5-FD8BDB1B5105}
		{F7EE239C-81FA-4423-BC34-AEE60735EDE7} = {10DC52A9-08A8-494E-B5C5-FD8BDB1B5105}
		{F1AC10CE-E34D-4E5A-9DD8-235EA35929E8} = {10DC52A9-08A8-494E-B5C5-FD8BDB1B5105}
	EndGlobalSection
	GlobalSection(ExtensibilityGlobals) = postSolution
		SolutionGuid = {6503F5A7-76F6-4743-99A1-0CDE8340ADAE}
	EndGlobalSection
EndGlobal
